
Microsoft Visual Studio Solution File, Format Version 12.00
# Visual Studio Version 16
VisualStudioVersion = 16.0.31321.278
MinimumVisualStudioVersion = 10.0.40219.1
Project("{FAE04EC0-301F-11D3-BF4B-00C04F79EFBC}") = "CharClass", "CharClass.csproj", "{21468FB0-6037-405C-9606-5006E1D52A22}"
EndProject
Project("{FAE04EC0-301F-11D3-BF4B-00C04F79EFBC}") = "CharClassTest", "CharClassTest\CharClassTest.csproj", "{DC023035-621E-45A1-B4FB-E6AF98376BD9}"
	ProjectSection(ProjectDependencies) = postProject
		{21468FB0-6037-405C-9606-5006E1D52A22} = {21468FB0-6037-405C-9606-5006E1D52A22}
	EndProjectSection
EndProject
Project("{FAE04EC0-301F-11D3-BF4B-00C04F79EFBC}") = "CharClass.Tests", "CharClass.Tests\CharClass.Tests.csproj", "{22747AF6-A4B2-4C32-AAAD-E0B36C478849}"
EndProject
Global
	GlobalSection(SolutionConfigurationPlatforms) = preSolution
		Debug|Any CPU = Debug|Any CPU
		Release|Any CPU = Release|Any CPU
	EndGlobalSection
	GlobalSection(ProjectConfigurationPlatforms) = postSolution
		{21468FB0-6037-405C-9606-5006E1D52A22}.Debug|Any CPU.ActiveCfg = Debug|Any CPU
		{21468FB0-6037-405C-9606-5006E1D52A22}.Debug|Any CPU.Build.0 = Debug|Any CPU
		{21468FB0-6037-405C-9606-5006E1D52A22}.Release|Any CPU.ActiveCfg = Release|Any CPU
		{21468FB0-6037-405C-9606-5006E1D52A22}.Release|Any CPU.Build.0 = Release|Any CPU
		{DC023035-621E-45A1-B4FB-E6AF98376BD9}.Debug|Any CPU.ActiveCfg = Debug|Any CPU
		{DC023035-621E-45A1-B4FB-E6AF98376BD9}.Debug|Any CPU.Build.0 = Debug|Any CPU
		{DC023035-621E-45A1-B4FB-E6AF98376BD9}.Release|Any CPU.ActiveCfg = Release|Any CPU
		{DC023035-621E-45A1-B4FB-E6AF98376BD9}.Release|Any CPU.Build.0 = Release|Any CPU
		{22747AF6-A4B2-4C32-AAAD-E0B36C478849}.Debug|Any CPU.ActiveCfg = Debug|Any CPU
		{22747AF6-A4B2-4C32-AAAD-E0B36C478849}.Debug|Any CPU.Build.0 = Debug|Any CPU
		{22747AF6-A4B2-4C32-AAAD-E0B36C478849}.Release|Any CPU.ActiveCfg = Release|Any CPU
		{22747AF6-A4B2-4C32-AAAD-E0B36C478849}.Release|Any CPU.Build.0 = Release|Any CPU
	EndGlobalSection
	GlobalSection(SolutionProperties) = preSolution
		HideSolutionNode = FALSE
	EndGlobalSection
	GlobalSection(ExtensibilityGlobals) = postSolution
		SolutionGuid = {F9B98120-C717-4BF2-A666-AA2930A45E9C}
	EndGlobalSection
EndGlobal
